
Microsoft Visual Studio Solution File, Format Version 12.00
# Visual Studio Version 17
VisualStudioVersion = 17.0.31903.59
MinimumVisualStudioVersion = 10.0.40219.1
Project("{FAE04EC0-301F-11D3-BF4B-00C04F79EFBC}") = "Api", "Api\Api.csproj", "{32AE0A18-D18B-457E-BD92-2E2E5221856F}"
EndProject
Project("{FAE04EC0-301F-11D3-BF4B-00C04F79EFBC}") = "Application", "Application\Application.csproj", "{B0E5F38D-7564-4DD6-9953-FDBF9AB3FA3D}"
EndProject
Project("{FAE04EC0-301F-11D3-BF4B-00C04F79EFBC}") = "Domain", "Domain\Domain.csproj", "{E84CED11-82FB-4171-AB75-0DB2054E17C7}"
EndProject
Project("{FAE04EC0-301F-11D3-BF4B-00C04F79EFBC}") = "Infrastructure", "Infrastructure\Infrastructure.csproj", "{2A1CA1FE-02DA-4400-A94F-FEBFDFB11FF3}"
EndProject
Global
	GlobalSection(SolutionConfigurationPlatforms) = preSolution
		Debug|Any CPU = Debug|Any CPU
		Debug|x64 = Debug|x64
		Debug|x86 = Debug|x86
		Release|Any CPU = Release|Any CPU
		Release|x64 = Release|x64
		Release|x86 = Release|x86
	EndGlobalSection
	GlobalSection(ProjectConfigurationPlatforms) = postSolution
		{32AE0A18-D18B-457E-BD92-2E2E5221856F}.Debug|Any CPU.ActiveCfg = Debug|Any CPU
		{32AE0A18-D18B-457E-BD92-2E2E5221856F}.Debug|Any CPU.Build.0 = Debug|Any CPU
		{32AE0A18-D18B-457E-BD92-2E2E5221856F}.Debug|x64.ActiveCfg = Debug|Any CPU
		{32AE0A18-D18B-457E-BD92-2E2E5221856F}.Debug|x64.Build.0 = Debug|Any CPU
		{32AE0A18-D18B-457E-BD92-2E2E5221856F}.Debug|x86.ActiveCfg = Debug|Any CPU
		{32AE0A18-D18B-457E-BD92-2E2E5221856F}.Debug|x86.Build.0 = Debug|Any CPU
		{32AE0A18-D18B-457E-BD92-2E2E5221856F}.Release|Any CPU.ActiveCfg = Release|Any CPU
		{32AE0A18-D18B-457E-BD92-2E2E5221856F}.Release|Any CPU.Build.0 = Release|Any CPU
		{32AE0A18-D18B-457E-BD92-2E2E5221856F}.Release|x64.ActiveCfg = Release|Any CPU
		{32AE0A18-D18B-457E-BD92-2E2E5221856F}.Release|x64.Build.0 = Release|Any CPU
		{32AE0A18-D18B-457E-BD92-2E2E5221856F}.Release|x86.ActiveCfg = Release|Any CPU
		{32AE0A18-D18B-457E-BD92-2E2E5221856F}.Release|x86.Build.0 = Release|Any CPU
		{B0E5F38D-7564-4DD6-9953-FDBF9AB3FA3D}.Debug|Any CPU.ActiveCfg = Debug|Any CPU
		{B0E5F38D-7564-4DD6-9953-FDBF9AB3FA3D}.Debug|Any CPU.Build.0 = Debug|Any CPU
		{B0E5F38D-7564-4DD6-9953-FDBF9AB3FA3D}.Debug|x64.ActiveCfg = Debug|Any CPU
		{B0E5F38D-7564-4DD6-9953-FDBF9AB3FA3D}.Debug|x64.Build.0 = Debug|Any CPU
		{B0E5F38D-7564-4DD6-9953-FDBF9AB3FA3D}.Debug|x86.ActiveCfg = Debug|Any CPU
		{B0E5F38D-7564-4DD6-9953-FDBF9AB3FA3D}.Debug|x86.Build.0 = Debug|Any CPU
		{B0E5F38D-7564-4DD6-9953-FDBF9AB3FA3D}.Release|Any CPU.ActiveCfg = Release|Any CPU
		{B0E5F38D-7564-4DD6-9953-FDBF9AB3FA3D}.Release|Any CPU.Build.0 = Release|Any CPU
		{B0E5F38D-7564-4DD6-9953-FDBF9AB3FA3D}.Release|x64.ActiveCfg = Release|Any CPU
		{B0E5F38D-7564-4DD6-9953-FDBF9AB3FA3D}.Release|x64.Build.0 = Release|Any CPU
		{B0E5F38D-7564-4DD6-9953-FDBF9AB3FA3D}.Release|x86.ActiveCfg = Release|Any CPU
		{B0E5F38D-7564-4DD6-9953-FDBF9AB3FA3D}.Release|x86.Build.0 = Release|Any CPU
		{E84CED11-82FB-4171-AB75-0DB2054E17C7}.Debug|Any CPU.ActiveCfg = Debug|Any CPU
		{E84CED11-82FB-4171-AB75-0DB2054E17C7}.Debug|Any CPU.Build.0 = Debug|Any CPU
		{E84CED11-82FB-4171-AB75-0DB2054E17C7}.Debug|x64.ActiveCfg = Debug|Any CPU
		{E84CED11-82FB-4171-AB75-0DB2054E17C7}.Debug|x64.Build.0 = Debug|Any CPU
		{E84CED11-82FB-4171-AB75-0DB2054E17C7}.Debug|x86.ActiveCfg = Debug|Any CPU
		{E84CED11-82FB-4171-AB75-0DB2054E17C7}.Debug|x86.Build.0 = Debug|Any CPU
		{E84CED11-82FB-4171-AB75-0DB2054E17C7}.Release|Any CPU.ActiveCfg = Release|Any CPU
		{E84CED11-82FB-4171-AB75-0DB2054E17C7}.Release|Any CPU.Build.0 = Release|Any CPU
		{E84CED11-82FB-4171-AB75-0DB2054E17C7}.Release|x64.ActiveCfg = Release|Any CPU
		{E84CED11-82FB-4171-AB75-0DB2054E17C7}.Release|x64.Build.0 = Release|Any CPU
		{E84CED11-82FB-4171-AB75-0DB2054E17C7}.Release|x86.ActiveCfg = Release|Any CPU
		{E84CED11-82FB-4171-AB75-0DB2054E17C7}.Release|x86.Build.0 = Release|Any CPU
		{2A1CA1FE-02DA-4400-A94F-FEBFDFB11FF3}.Debug|Any CPU.ActiveCfg = Debug|Any CPU
		{2A1CA1FE-02DA-4400-A94F-FEBFDFB11FF3}.Debug|Any CPU.Build.0 = Debug|Any CPU
		{2A1CA1FE-02DA-4400-A94F-FEBFDFB11FF3}.Debug|x64.ActiveCfg = Debug|Any CPU
		{2A1CA1FE-02DA-4400-A94F-FEBFDFB11FF3}.Debug|x64.Build.0 = Debug|Any CPU
		{2A1CA1FE-02DA-4400-A94F-FEBFDFB11FF3}.Debug|x86.ActiveCfg = Debug|Any CPU
		{2A1CA1FE-02DA-4400-A94F-FEBFDFB11FF3}.Debug|x86.Build.0 = Debug|Any CPU
		{2A1CA1FE-02DA-4400-A94F-FEBFDFB11FF3}.Release|Any CPU.ActiveCfg = Release|Any CPU
		{2A1CA1FE-02DA-4400-A94F-FEBFDFB11FF3}.Release|Any CPU.Build.0 = Release|Any CPU
		{2A1CA1FE-02DA-4400-A94F-FEBFDFB11FF3}.Release|x64.ActiveCfg = Release|Any CPU
		{2A1CA1FE-02DA-4400-A94F-FEBFDFB11FF3}.Release|x64.Build.0 = Release|Any CPU
		{2A1CA1FE-02DA-4400-A94F-FEBFDFB11FF3}.Release|x86.ActiveCfg = Release|Any CPU
		{2A1CA1FE-02DA-4400-A94F-FEBFDFB11FF3}.Release|x86.Build.0 = Release|Any CPU
	EndGlobalSection
	GlobalSection(SolutionProperties) = preSolution
		HideSolutionNode = FALSE
	EndGlobalSection
EndGlobal
